
Microsoft Visual Studio Solution File, Format Version 12.00
# Visual Studio Version 17
VisualStudioVersion = 17.3.32929.385
MinimumVisualStudioVersion = 10.0.40219.1
Project("{FAE04EC0-301F-11D3-BF4B-00C04F79EFBC}") = "CodeWars", "CodeWars\CodeWars.csproj", "{601CCADF-48B8-4A59-B4BE-DCECFFBA6836}"
EndProject
Global
	GlobalSection(SolutionConfigurationPlatforms) = preSolution
		Debug|Any CPU = Debug|Any CPU
		Release|Any CPU = Release|Any CPU
	EndGlobalSection
	GlobalSection(ProjectConfigurationPlatforms) = postSolution
		{601CCADF-48B8-4A59-B4BE-DCECFFBA6836}.Debug|Any CPU.ActiveCfg = Debug|Any CPU
		{601CCADF-48B8-4A59-B4BE-DCECFFBA6836}.Debug|Any CPU.Build.0 = Debug|Any CPU
		{601CCADF-48B8-4A59-B4BE-DCECFFBA6836}.Release|Any CPU.ActiveCfg = Release|Any CPU
		{601CCADF-48B8-4A59-B4BE-DCECFFBA6836}.Release|Any CPU.Build.0 = Release|Any CPU
	EndGlobalSection
	GlobalSection(SolutionProperties) = preSolution
		HideSolutionNode = FALSE
	EndGlobalSection
	GlobalSection(ExtensibilityGlobals) = postSolution
		SolutionGuid = {5FA2BBEE-1EC9-40AE-A1FF-79F84834058A}
	EndGlobalSection
EndGlobal
